# THIS IS AN AUTOGENERATED FILE. DO NOT EDIT THIS FILE DIRECTLY.
# yarn lockfile v1


data-uri-to-buffer@^3.0.1:
  version "3.0.1"
  resolved "https://repo.dev.wixpress.com/artifactory/api/npm/npm-repos/data-uri-to-buffer/-/data-uri-to-buffer-3.0.1.tgz#594b8973938c5bc2c33046535785341abc4f3636"
  integrity sha1-WUuJc5OMW8LDMEZTV4U0GrxPNjY=

fetch-blob@^3.1.2:
  version "3.1.3"
  resolved "https://repo.dev.wixpress.com/artifactory/api/npm/npm-repos/fetch-blob/-/fetch-blob-3.1.3.tgz#a7dca4855e39d3e3c5a1da62d4ee335c37d26012"
  integrity sha1-p9ykhV450+PFodpi1O4zXDfSYBI=
  dependencies:
    web-streams-polyfill "^3.0.3"

node-fetch@^3.0.0:
  version "3.0.0"
  resolved "https://repo.dev.wixpress.com/artifactory/api/npm/npm-repos/node-fetch/-/node-fetch-3.0.0.tgz#79da7146a520036f2c5f644e4a26095f17e411ea"
  integrity sha1-edpxRqUgA28sX2ROSiYJXxfkEeo=
  dependencies:
    data-uri-to-buffer "^3.0.1"
    fetch-blob "^3.1.2"

web-streams-polyfill@^3.0.3:
  version "3.1.1"
  resolved "https://repo.dev.wixpress.com/artifactory/api/npm/npm-repos/web-streams-polyfill/-/web-streams-polyfill-3.1.1.tgz#1516f2d4ea8f1bdbfed15eb65cb2df87098c8364"
  integrity sha1-FRby1OqPG9v+0V62XLLfhwmMg2Q=
